// !$*UTF8*$!
{
	archiveVersion = 1;
	classes = {
	};
	objectVersion = 77;
	objects = {

/* Begin PBXBuildFile section */
		00312DD02F653E7C0099824D /* PRIVACY_POLICY.md in Resources */ = {isa = PBXBuildFile; fileRef = 00312DCF2F653E7C0099824D /* PRIVACY_POLICY.md */; };
		00312DDC2F66400F0099824D /* WebCpp.framework in Frameworks */ = {isa = PBXBuildFile; fileRef = 00312DD62F66400F0099824D /* WebCpp.framework */; };
		00312DDD2F66400F0099824D /* WebCpp.framework in Embed Frameworks */ = {isa = PBXBuildFile; fileRef = 00312DD62F66400F0099824D /* WebCpp.framework */; settings = {ATTRIBUTES = (CodeSignOnCopy, RemoveHeadersOnCopy, ); }; };
		007A94922F52A2ED00730E7F /* ReSwifterXCode.appex in Embed Foundation Extensions */ = {isa = PBXBuildFile; fileRef = 007A94842F52A2ED00730E7F /* ReSwifterXCode.appex */; settings = {ATTRIBUTES = (RemoveHeadersOnCopy, ); }; };
		009C677B2F5CF3A1000FB801 /* FoundationModels.framework in Frameworks */ = {isa = PBXBuildFile; fileRef = 009C675A2F5C05F7000FB801 /* FoundationModels.framework */; };
		00AABB012F6E000000000001 /* WebCpp.framework in Frameworks */ = {isa = PBXBuildFile; fileRef = 00312DD62F66400F0099824D /* WebCpp.framework */; };
		00B4194F2F52C4AC008129F9 /* XcodeKit.framework in Frameworks */ = {isa = PBXBuildFile; fileRef = 007A94882F52A2ED00730E7F /* XcodeKit.framework */; };
		00B419502F52C4AC008129F9 /* XcodeKit.framework in Embed Frameworks */ = {isa = PBXBuildFile; fileRef = 007A94882F52A2ED00730E7F /* XcodeKit.framework */; settings = {ATTRIBUTES = (CodeSignOnCopy, RemoveHeadersOnCopy, ); }; };
		00DE443E2F6C89B000188043 /* Textual in Frameworks */ = {isa = PBXBuildFile; productRef = 00DE443D2F6C89B000188043 /* Textual */; };
/* End PBXBuildFile section */

/* Begin PBXContainerItemProxy section */
		00312DDA2F66400F0099824D /* PBXContainerItemProxy */ = {
			isa = PBXContainerItemProxy;
			containerPortal = 007A944C2F52A18000730E7F /* Project object */;
			proxyType = 1;
			remoteGlobalIDString = 00312DD52F66400F0099824D;
			remoteInfo = WebCpp;
		};
		007A94642F52A18200730E7F /* PBXContainerItemProxy */ = {
			isa = PBXContainerItemProxy;
			containerPortal = 007A944C2F52A18000730E7F /* Project object */;
			proxyType = 1;
			remoteGlobalIDString = 007A94532F52A18000730E7F;
			remoteInfo = ReSwifter;
		};
		007A946E2F52A18200730E7F /* PBXContainerItemProxy */ = {
			isa = PBXContainerItemProxy;
			containerPortal = 007A944C2F52A18000730E7F /* Project object */;
			proxyType = 1;
			remoteGlobalIDString = 007A94532F52A18000730E7F;
			remoteInfo = ReSwifter;
		};
		007A94902F52A2ED00730E7F /* PBXContainerItemProxy */ = {
			isa = PBXContainerItemProxy;
			containerPortal = 007A944C2F52A18000730E7F /* Project object */;
			proxyType = 1;
			remoteGlobalIDString = 007A94832F52A2ED00730E7F;
			remoteInfo = ReSwifterXCode;
		};
/* End PBXContainerItemProxy section */

/* Begin PBXCopyFilesBuildPhase section */
		00312DE22F66400F0099824D /* Embed Frameworks */ = {
			isa = PBXCopyFilesBuildPhase;
			buildActionMask = 2147483647;
			dstPath = "";
			dstSubfolderSpec = 10;
			files = (
				00312DDD2F66400F0099824D /* WebCpp.framework in Embed Frameworks */,
			);
			name = "Embed Frameworks";
			runOnlyForDeploymentPostprocessing = 0;
		};
		007A94972F52A2ED00730E7F /* Embed Foundation Extensions */ = {
			isa = PBXCopyFilesBuildPhase;
			buildActionMask = 2147483647;
			dstPath = "";
			dstSubfolderSpec = 13;
			files = (
				007A94922F52A2ED00730E7F /* ReSwifterXCode.appex in Embed Foundation Extensions */,
			);
			name = "Embed Foundation Extensions";
			runOnlyForDeploymentPostprocessing = 0;
		};
		00B419512F52C4AC008129F9 /* Embed Frameworks */ = {
			isa = PBXCopyFilesBuildPhase;
			buildActionMask = 2147483647;
			dstPath = "";
			dstSubfolderSpec = 10;
			files = (
				00B419502F52C4AC008129F9 /* XcodeKit.framework in Embed Frameworks */,
			);
			name = "Embed Frameworks";
			runOnlyForDeploymentPostprocessing = 0;
		};
/* End PBXCopyFilesBuildPhase section */

/* Begin PBXFileReference section */
		00312DCF2F653E7C0099824D /* PRIVACY_POLICY.md */ = {isa = PBXFileReference; lastKnownFileType = net.daringfireball.markdown; path = PRIVACY_POLICY.md; sourceTree = "<group>"; };
		00312DD62F66400F0099824D /* WebCpp.framework */ = {isa = PBXFileReference; explicitFileType = wrapper.framework; includeInIndex = 0; path = WebCpp.framework; sourceTree = BUILT_PRODUCTS_DIR; };
		007A94542F52A18000730E7F /* ReSwifter.app */ = {isa = PBXFileReference; explicitFileType = wrapper.application; includeInIndex = 0; path = ReSwifter.app; sourceTree = BUILT_PRODUCTS_DIR; };
		007A94632F52A18200730E7F /* ReSwifterTests.xctest */ = {isa = PBXFileReference; explicitFileType = wrapper.cfbundle; includeInIndex = 0; path = ReSwifterTests.xctest; sourceTree = BUILT_PRODUCTS_DIR; };
		007A946D2F52A18200730E7F /* ReSwifterUITests.xctest */ = {isa = PBXFileReference; explicitFileType = wrapper.cfbundle; includeInIndex = 0; path = ReSwifterUITests.xctest; sourceTree = BUILT_PRODUCTS_DIR; };
		007A94842F52A2ED00730E7F /* ReSwifterXCode.appex */ = {isa = PBXFileReference; explicitFileType = "wrapper.app-extension"; includeInIndex = 0; path = ReSwifterXCode.appex; sourceTree = BUILT_PRODUCTS_DIR; };
		007A94862F52A2ED00730E7F /* Cocoa.framework */ = {isa = PBXFileReference; lastKnownFileType = wrapper.framework; name = Cocoa.framework; path = System/Library/Frameworks/Cocoa.framework; sourceTree = SDKROOT; };
		007A94882F52A2ED00730E7F /* XcodeKit.framework */ = {isa = PBXFileReference; lastKnownFileType = wrapper.framework; name = XcodeKit.framework; path = Library/Frameworks/XcodeKit.framework; sourceTree = DEVELOPER_DIR; };
		009C675A2F5C05F7000FB801 /* FoundationModels.framework */ = {isa = PBXFileReference; lastKnownFileType = wrapper.framework; name = FoundationModels.framework; path = System/Library/Frameworks/FoundationModels.framework; sourceTree = SDKROOT; };
/* End PBXFileReference section */

/* Begin PBXFileSystemSynchronizedBuildFileExceptionSet section */
		00312DDE2F66400F0099824D /* Exceptions for "WebCpp" folder in "WebCpp" target */ = {
			isa = PBXFileSystemSynchronizedBuildFileExceptionSet;
			publicHeaders = (
				WebCpp.h,
				WebCppBridge.h,
			);
			target = 00312DD52F66400F0099824D /* WebCpp */;
		};
		007A94932F52A2ED00730E7F /* Exceptions for "ReSwifterXCode" folder in "ReSwifterXCode" target */ = {
			isa = PBXFileSystemSynchronizedBuildFileExceptionSet;
			membershipExceptions = (
				Info.plist,
			);
			target = 007A94832F52A2ED00730E7F /* ReSwifterXCode */;
		};
/* End PBXFileSystemSynchronizedBuildFileExceptionSet section */

/* Begin PBXFileSystemSynchronizedRootGroup section */
		00312DD72F66400F0099824D /* WebCpp */ = {
			isa = PBXFileSystemSynchronizedRootGroup;
			exceptions = (
				00312DDE2F66400F0099824D /* Exceptions for "WebCpp" folder in "WebCpp" target */,
			);
			path = WebCpp;
			sourceTree = "<group>";
		};
		007A94562F52A18000730E7F /* ReSwifter */ = {
			isa = PBXFileSystemSynchronizedRootGroup;
			path = ReSwifter;
			sourceTree = "<group>";
		};
		007A94662F52A18200730E7F /* ReSwifterTests */ = {
			isa = PBXFileSystemSynchronizedRootGroup;
			path = ReSwifterTests;
			sourceTree = "<group>";
		};
		007A94702F52A18200730E7F /* ReSwifterUITests */ = {
			isa = PBXFileSystemSynchronizedRootGroup;
			path = ReSwifterUITests;
			sourceTree = "<group>";
		};
		007A948A2F52A2ED00730E7F /* ReSwifterXCode */ = {
			isa = PBXFileSystemSynchronizedRootGroup;
			exceptions = (
				007A94932F52A2ED00730E7F /* Exceptions for "ReSwifterXCode" folder in "ReSwifterXCode" target */,
			);
			path = ReSwifterXCode;
			sourceTree = "<group>";
		};
/* End PBXFileSystemSynchronizedRootGroup section */

/* Begin PBXFrameworksBuildPhase section */
		00312DD32F66400F0099824D /* Frameworks */ = {
			isa = PBXFrameworksBuildPhase;
			buildActionMask = 2147483647;
			files = (
			);
			runOnlyForDeploymentPostprocessing = 0;
		};
		007A94512F52A18000730E7F /* Frameworks */ = {
			isa = PBXFrameworksBuildPhase;
			buildActionMask = 2147483647;
			files = (
				00DE443E2F6C89B000188043 /* Textual in Frameworks */,
				00312DDC2F66400F0099824D /* WebCpp.framework in Frameworks */,
				009C677B2F5CF3A1000FB801 /* FoundationModels.framework in Frameworks */,
			);
			runOnlyForDeploymentPostprocessing = 0;
		};
		007A94602F52A18200730E7F /* Frameworks */ = {
			isa = PBXFrameworksBuildPhase;
			buildActionMask = 2147483647;
			files = (
				00AABB012F6E000000000001 /* WebCpp.framework in Frameworks */,
			);
			runOnlyForDeploymentPostprocessing = 0;
		};
		007A946A2F52A18200730E7F /* Frameworks */ = {
			isa = PBXFrameworksBuildPhase;
			buildActionMask = 2147483647;
			files = (
			);
			runOnlyForDeploymentPostprocessing = 0;
		};
		007A94812F52A2ED00730E7F /* Frameworks */ = {
			isa = PBXFrameworksBuildPhase;
			buildActionMask = 2147483647;
			files = (
				00B4194F2F52C4AC008129F9 /* XcodeKit.framework in Frameworks */,
			);
			runOnlyForDeploymentPostprocessing = 0;
		};
/* End PBXFrameworksBuildPhase section */

/* Begin PBXGroup section */
		007A944B2F52A18000730E7F = {
			isa = PBXGroup;
			children = (
				007A94562F52A18000730E7F /* ReSwifter */,
				007A94662F52A18200730E7F /* ReSwifterTests */,
				007A94702F52A18200730E7F /* ReSwifterUITests */,
				007A948A2F52A2ED00730E7F /* ReSwifterXCode */,
				00312DD72F66400F0099824D /* WebCpp */,
				007A94852F52A2ED00730E7F /* Frameworks */,
				007A94552F52A18000730E7F /* Products */,
				00312DCF2F653E7C0099824D /* PRIVACY_POLICY.md */,
			);
			sourceTree = "<group>";
		};
		007A94552F52A18000730E7F /* Products */ = {
			isa = PBXGroup;
			children = (
				007A94542F52A18000730E7F /* ReSwifter.app */,
				007A94632F52A18200730E7F /* ReSwifterTests.xctest */,
				007A946D2F52A18200730E7F /* ReSwifterUITests.xctest */,
				007A94842F52A2ED00730E7F /* ReSwifterXCode.appex */,
				00312DD62F66400F0099824D /* WebCpp.framework */,
			);
			name = Products;
			sourceTree = "<group>";
		};
		007A94852F52A2ED00730E7F /* Frameworks */ = {
			isa = PBXGroup;
			children = (
				009C675A2F5C05F7000FB801 /* FoundationModels.framework */,
				007A94862F52A2ED00730E7F /* Cocoa.framework */,
				007A94882F52A2ED00730E7F /* XcodeKit.framework */,
			);
			name = Frameworks;
			sourceTree = "<group>";
		};
/* End PBXGroup section */

/* Begin PBXHeadersBuildPhase section */
		00312DD12F66400F0099824D /* Headers */ = {
			isa = PBXHeadersBuildPhase;
			buildActionMask = 2147483647;
			files = (
			);
			runOnlyForDeploymentPostprocessing = 0;
		};
/* End PBXHeadersBuildPhase section */

/* Begin PBXNativeTarget section */
		00312DD52F66400F0099824D /* WebCpp */ = {
			isa = PBXNativeTarget;
			buildConfigurationList = 00312DDF2F66400F0099824D /* Build configuration list for PBXNativeTarget "WebCpp" */;
			buildPhases = (
				00312DD12F66400F0099824D /* Headers */,
				00312DD22F66400F0099824D /* Sources */,
				00312DD32F66400F0099824D /* Frameworks */,
				00312DD42F66400F0099824D /* Resources */,
			);
			buildRules = (
			);
			dependencies = (
			);
			fileSystemSynchronizedGroups = (
				00312DD72F66400F0099824D /* WebCpp */,
			);
			name = WebCpp;
			packageProductDependencies = (
			);
			productName = WebCpp;
			productReference = 00312DD62F66400F0099824D /* WebCpp.framework */;
			productType = "com.apple.product-type.framework";
		};
		007A94532F52A18000730E7F /* ReSwifter */ = {
			isa = PBXNativeTarget;
			buildConfigurationList = 007A94772F52A18200730E7F /* Build configuration list for PBXNativeTarget "ReSwifter" */;
			buildPhases = (
				007A94502F52A18000730E7F /* Sources */,
				007A94512F52A18000730E7F /* Frameworks */,
				007A94522F52A18000730E7F /* Resources */,
				007A94972F52A2ED00730E7F /* Embed Foundation Extensions */,
				00312DE22F66400F0099824D /* Embed Frameworks */,
			);
			buildRules = (
			);
			dependencies = (
				007A94912F52A2ED00730E7F /* PBXTargetDependency */,
				00312DDB2F66400F0099824D /* PBXTargetDependency */,
			);
			fileSystemSynchronizedGroups = (
				007A94562F52A18000730E7F /* ReSwifter */,
			);
			name = ReSwifter;
			packageProductDependencies = (
				00DE443D2F6C89B000188043 /* Textual */,
			);
			productName = ReSwifter;
			productReference = 007A94542F52A18000730E7F /* ReSwifter.app */;
			productType = "com.apple.product-type.application";
		};
		007A94622F52A18200730E7F /* ReSwifterTests */ = {
			isa = PBXNativeTarget;
			buildConfigurationList = 007A947A2F52A18200730E7F /* Build configuration list for PBXNativeTarget "ReSwifterTests" */;
			buildPhases = (
				007A945F2F52A18200730E7F /* Sources */,
				007A94602F52A18200730E7F /* Frameworks */,
				007A94612F52A18200730E7F /* Resources */,
			);
			buildRules = (
			);
			dependencies = (
				007A94652F52A18200730E7F /* PBXTargetDependency */,
			);
			fileSystemSynchronizedGroups = (
				007A94662F52A18200730E7F /* ReSwifterTests */,
			);
			name = ReSwifterTests;
			packageProductDependencies = (
			);
			productName = ReSwifterTests;
			productReference = 007A94632F52A18200730E7F /* ReSwifterTests.xctest */;
			productType = "com.apple.product-type.bundle.unit-test";
		};
		007A946C2F52A18200730E7F /* ReSwifterUITests */ = {
			isa = PBXNativeTarget;
			buildConfigurationList = 007A947D2F52A18200730E7F /* Build configuration list for PBXNativeTarget "ReSwifterUITests" */;
			buildPhases = (
				007A94692F52A18200730E7F /* Sources */,
				007A946A2F52A18200730E7F /* Frameworks */,
				007A946B2F52A18200730E7F /* Resources */,
			);
			buildRules = (
			);
			dependencies = (
				007A946F2F52A18200730E7F /* PBXTargetDependency */,
			);
			fileSystemSynchronizedGroups = (
				007A94702F52A18200730E7F /* ReSwifterUITests */,
			);
			name = ReSwifterUITests;
			packageProductDependencies = (
			);
			productName = ReSwifterUITests;
			productReference = 007A946D2F52A18200730E7F /* ReSwifterUITests.xctest */;
			productType = "com.apple.product-type.bundle.ui-testing";
		};
		007A94832F52A2ED00730E7F /* ReSwifterXCode */ = {
			isa = PBXNativeTarget;
			buildConfigurationList = 007A94942F52A2ED00730E7F /* Build configuration list for PBXNativeTarget "ReSwifterXCode" */;
			buildPhases = (
				007A94802F52A2ED00730E7F /* Sources */,
				007A94812F52A2ED00730E7F /* Frameworks */,
				007A94822F52A2ED00730E7F /* Resources */,
				00B419512F52C4AC008129F9 /* Embed Frameworks */,
			);
			buildRules = (
			);
			dependencies = (
			);
			fileSystemSynchronizedGroups = (
				007A948A2F52A2ED00730E7F /* ReSwifterXCode */,
			);
			name = ReSwifterXCode;
			packageProductDependencies = (
			);
			productName = ReSwifterXCode;
			productReference = 007A94842F52A2ED00730E7F /* ReSwifterXCode.appex */;
			productType = "com.apple.product-type.xcode-extension";
		};
/* End PBXNativeTarget section */

/* Begin PBXProject section */
		007A944C2F52A18000730E7F /* Project object */ = {
			isa = PBXProject;
			attributes = {
				BuildIndependentTargetsInParallel = 1;
				LastSwiftUpdateCheck = 2630;
				LastUpgradeCheck = 2630;
				TargetAttributes = {
					00312DD52F66400F0099824D = {
						CreatedOnToolsVersion = 26.3;
					};
					007A94532F52A18000730E7F = {
						CreatedOnToolsVersion = 26.3;
					};
					007A94622F52A18200730E7F = {
						CreatedOnToolsVersion = 26.3;
						TestTargetID = 007A94532F52A18000730E7F;
					};
					007A946C2F52A18200730E7F = {
						CreatedOnToolsVersion = 26.3;
						TestTargetID = 007A94532F52A18000730E7F;
					};
					007A94832F52A2ED00730E7F = {
						CreatedOnToolsVersion = 26.3;
					};
				};
			};
			buildConfigurationList = 007A944F2F52A18000730E7F /* Build configuration list for PBXProject "ReSwifter" */;
			developmentRegion = en;
			hasScannedForEncodings = 0;
			knownRegions = (
				en,
				Base,
			);
			mainGroup = 007A944B2F52A18000730E7F;
			minimizedProjectReferenceProxies = 1;
			packageReferences = (
				00DE443C2F6C89B000188043 /* XCRemoteSwiftPackageReference "textual" */,
			);
			preferredProjectObjectVersion = 77;
			productRefGroup = 007A94552F52A18000730E7F /* Products */;
			projectDirPath = "";
			projectRoot = "";
			targets = (
				007A94532F52A18000730E7F /* ReSwifter */,
				007A94622F52A18200730E7F /* ReSwifterTests */,
				007A946C2F52A18200730E7F /* ReSwifterUITests */,
				007A94832F52A2ED00730E7F /* ReSwifterXCode */,
				00312DD52F66400F0099824D /* WebCpp */,
			);
		};
/* End PBXProject section */

/* Begin PBXResourcesBuildPhase section */
		00312DD42F66400F0099824D /* Resources */ = {
			isa = PBXResourcesBuildPhase;
			buildActionMask = 2147483647;
			files = (
			);
			runOnlyForDeploymentPostprocessing = 0;
		};
		007A94522F52A18000730E7F /* Resources */ = {
			isa = PBXResourcesBuildPhase;
			buildActionMask = 2147483647;
			files = (
				00312DD02F653E7C0099824D /* PRIVACY_POLICY.md in Resources */,
			);
			runOnlyForDeploymentPostprocessing = 0;
		};
		007A94612F52A18200730E7F /* Resources */ = {
			isa = PBXResourcesBuildPhase;
			buildActionMask = 2147483647;
			files = (
			);
			runOnlyForDeploymentPostprocessing = 0;
		};
		007A946B2F52A18200730E7F /* Resources */ = {
			isa = PBXResourcesBuildPhase;
			buildActionMask = 2147483647;
			files = (
			);
			runOnlyForDeploymentPostprocessing = 0;
		};
		007A94822F52A2ED00730E7F /* Resources */ = {
			isa = PBXResourcesBuildPhase;
			buildActionMask = 2147483647;
			files = (
			);
			runOnlyForDeploymentPostprocessing = 0;
		};
/* End PBXResourcesBuildPhase section */

/* Begin PBXSourcesBuildPhase section */
		00312DD22F66400F0099824D /* Sources */ = {
			isa = PBXSourcesBuildPhase;
			buildActionMask = 2147483647;
			files = (
			);
			runOnlyForDeploymentPostprocessing = 0;
		};
		007A94502F52A18000730E7F /* Sources */ = {
			isa = PBXSourcesBuildPhase;
			buildActionMask = 2147483647;
			files = (
			);
			runOnlyForDeploymentPostprocessing = 0;
		};
		007A945F2F52A18200730E7F /* Sources */ = {
			isa = PBXSourcesBuildPhase;
			buildActionMask = 2147483647;
			files = (
			);
			runOnlyForDeploymentPostprocessing = 0;
		};
		007A94692F52A18200730E7F /* Sources */ = {
			isa = PBXSourcesBuildPhase;
			buildActionMask = 2147483647;
			files = (
			);
			runOnlyForDeploymentPostprocessing = 0;
		};
		007A94802F52A2ED00730E7F /* Sources */ = {
			isa = PBXSourcesBuildPhase;
			buildActionMask = 2147483647;
			files = (
			);
			runOnlyForDeploymentPostprocessing = 0;
		};
/* End PBXSourcesBuildPhase section */

/* Begin PBXTargetDependency section */
		00312DDB2F66400F0099824D /* PBXTargetDependency */ = {
			isa = PBXTargetDependency;
			target = 00312DD52F66400F0099824D /* WebCpp */;
			targetProxy = 00312DDA2F66400F0099824D /* PBXContainerItemProxy */;
		};
		007A94652F52A18200730E7F /* PBXTargetDependency */ = {
			isa = PBXTargetDependency;
			target = 007A94532F52A18000730E7F /* ReSwifter */;
			targetProxy = 007A94642F52A18200730E7F /* PBXContainerItemProxy */;
		};
		007A946F2F52A18200730E7F /* PBXTargetDependency */ = {
			isa = PBXTargetDependency;
			target = 007A94532F52A18000730E7F /* ReSwifter */;
			targetProxy = 007A946E2F52A18200730E7F /* PBXContainerItemProxy */;
		};
		007A94912F52A2ED00730E7F /* PBXTargetDependency */ = {
			isa = PBXTargetDependency;
			target = 007A94832F52A2ED00730E7F /* ReSwifterXCode */;
			targetProxy = 007A94902F52A2ED00730E7F /* PBXContainerItemProxy */;
		};
/* End PBXTargetDependency section */

/* Begin XCBuildConfiguration section */
		00312DE02F66400F0099824D /* Debug */ = {
			isa = XCBuildConfiguration;
			buildSettings = {
				CODE_SIGN_STYLE = Automatic;
				COMBINE_HIDPI_IMAGES = YES;
				CURRENT_PROJECT_VERSION = 1;
				DEFINES_MODULE = YES;
				DEVELOPMENT_TEAM = 6XKLFA63LP;
				DYLIB_COMPATIBILITY_VERSION = 1;
				DYLIB_CURRENT_VERSION = 1;
				DYLIB_INSTALL_NAME_BASE = "@rpath";
				ENABLE_MODULE_VERIFIER = YES;
				GENERATE_INFOPLIST_FILE = YES;
				INFOPLIST_KEY_NSHumanReadableCopyright = "";
				INSTALL_PATH = "$(LOCAL_LIBRARY_DIR)/Frameworks";
				LD_RUNPATH_SEARCH_PATHS = (
					"$(inherited)",
					"@executable_path/../Frameworks",
					"@loader_path/Frameworks",
				);
				MARKETING_VERSION = 1.0;
				MODULE_VERIFIER_SUPPORTED_LANGUAGES = "objective-c objective-c++";
				MODULE_VERIFIER_SUPPORTED_LANGUAGE_STANDARDS = "gnu17 gnu++20";
				PRODUCT_BUNDLE_IDENTIFIER = com.JeffreyBakker.WebCpp;
				PRODUCT_NAME = "$(TARGET_NAME:c99extidentifier)";
				SKIP_INSTALL = YES;
				STRING_CATALOG_GENERATE_SYMBOLS = YES;
				SWIFT_EMIT_LOC_STRINGS = YES;
				VERSIONING_SYSTEM = "apple-generic";
				VERSION_INFO_PREFIX = "";
			};
			name = Debug;
		};
		00312DE12F66400F0099824D /* Release */ = {
			isa = XCBuildConfiguration;
			buildSettings = {
				CODE_SIGN_STYLE = Automatic;
				COMBINE_HIDPI_IMAGES = YES;
				CURRENT_PROJECT_VERSION = 1;
				DEFINES_MODULE = YES;
				DEVELOPMENT_TEAM = 6XKLFA63LP;
				DYLIB_COMPATIBILITY_VERSION = 1;
				DYLIB_CURRENT_VERSION = 1;
				DYLIB_INSTALL_NAME_BASE = "@rpath";
				ENABLE_MODULE_VERIFIER = YES;
				GENERATE_INFOPLIST_FILE = YES;
				INFOPLIST_KEY_NSHumanReadableCopyright = "";
				INSTALL_PATH = "$(LOCAL_LIBRARY_DIR)/Frameworks";
				LD_RUNPATH_SEARCH_PATHS = (
					"$(inherited)",
					"@executable_path/../Frameworks",
					"@loader_path/Frameworks",
				);
				MARKETING_VERSION = 1.0;
				MODULE_VERIFIER_SUPPORTED_LANGUAGES = "objective-c objective-c++";
				MODULE_VERIFIER_SUPPORTED_LANGUAGE_STANDARDS = "gnu17 gnu++20";
				PRODUCT_BUNDLE_IDENTIFIER = com.JeffreyBakker.WebCpp;
				PRODUCT_NAME = "$(TARGET_NAME:c99extidentifier)";
				SKIP_INSTALL = YES;
				STRING_CATALOG_GENERATE_SYMBOLS = YES;
				SWIFT_EMIT_LOC_STRINGS = YES;
				VERSIONING_SYSTEM = "apple-generic";
				VERSION_INFO_PREFIX = "";
			};
			name = Release;
		};
		007A94752F52A18200730E7F /* Debug */ = {
			isa = XCBuildConfiguration;
			buildSettings = {
				ALWAYS_SEARCH_USER_PATHS = NO;
				ASSETCATALOG_COMPILER_APPICON_NAME = "";
				ASSETCATALOG_COMPILER_GENERATE_SWIFT_ASSET_SYMBOL_EXTENSIONS = YES;
				ASSETCATALOG_COMPILER_INCLUDE_ALL_APPICON_ASSETS = YES;
				ASSETCATALOG_COMPILER_STANDALONE_ICON_BEHAVIOR = all;
				ASSETCATALOG_COMPILER_TARGET_STICKERS_ICON_ROLE = "host-app";
				CLANG_ANALYZER_NONNULL = YES;
				CLANG_ANALYZER_NUMBER_OBJECT_CONVERSION = YES_AGGRESSIVE;
				CLANG_CXX_LANGUAGE_STANDARD = "gnu++20";
				CLANG_ENABLE_MODULES = YES;
				CLANG_ENABLE_OBJC_ARC = YES;
				CLANG_ENABLE_OBJC_WEAK = YES;
				CLANG_WARN_BLOCK_CAPTURE_AUTORELEASING = YES;
				CLANG_WARN_BOOL_CONVERSION = YES;
				CLANG_WARN_COMMA = YES;
				CLANG_WARN_CONSTANT_CONVERSION = YES;
				CLANG_WARN_DEPRECATED_OBJC_IMPLEMENTATIONS = YES;
				CLANG_WARN_DIRECT_OBJC_ISA_USAGE = YES_ERROR;
				CLANG_WARN_DOCUMENTATION_COMMENTS = YES;
				CLANG_WARN_EMPTY_BODY = YES;
				CLANG_WARN_ENUM_CONVERSION = YES;
				CLANG_WARN_INFINITE_RECURSION = YES;
				CLANG_WARN_INT_CONVERSION = YES;
				CLANG_WARN_NON_LITERAL_NULL_CONVERSION = YES;
				CLANG_WARN_OBJC_IMPLICIT_RETAIN_SELF = YES;
				CLANG_WARN_OBJC_LITERAL_CONVERSION = YES;
				CLANG_WARN_OBJC_ROOT_CLASS = YES_ERROR;
				CLANG_WARN_QUOTED_INCLUDE_IN_FRAMEWORK_HEADER = YES;
				CLANG_WARN_RANGE_LOOP_ANALYSIS = YES;
				CLANG_WARN_STRICT_PROTOTYPES = YES;
				CLANG_WARN_SUSPICIOUS_MOVE = YES;
				CLANG_WARN_UNGUARDED_AVAILABILITY = YES_AGGRESSIVE;
				CLANG_WARN_UNREACHABLE_CODE = YES;
				CLANG_WARN__DUPLICATE_METHOD_MATCH = YES;
				COPY_PHASE_STRIP = NO;
				DEBUG_INFORMATION_FORMAT = dwarf;
				DEVELOPMENT_TEAM = 6XKLFA63LP;
				ENABLE_STRICT_OBJC_MSGSEND = YES;
				ENABLE_TESTABILITY = YES;
				ENABLE_USER_SCRIPT_SANDBOXING = YES;
				GCC_C_LANGUAGE_STANDARD = gnu17;
				GCC_DYNAMIC_NO_PIC = NO;
				GCC_NO_COMMON_BLOCKS = YES;
				GCC_OPTIMIZATION_LEVEL = 0;
				GCC_PREPROCESSOR_DEFINITIONS = (
					"DEBUG=1",
					"$(inherited)",
				);
				GCC_WARN_64_TO_32_BIT_CONVERSION = YES;
				GCC_WARN_ABOUT_RETURN_TYPE = YES_ERROR;
				GCC_WARN_UNDECLARED_SELECTOR = YES;
				GCC_WARN_UNINITIALIZED_AUTOS = YES_AGGRESSIVE;
				GCC_WARN_UNUSED_FUNCTION = YES;
				GCC_WARN_UNUSED_VARIABLE = YES;
				LOCALIZATION_PREFERS_STRING_CATALOGS = YES;
				MACOSX_DEPLOYMENT_TARGET = 26.2;
				MTL_ENABLE_DEBUG_INFO = INCLUDE_SOURCE;
				MTL_FAST_MATH = YES;
				ONLY_ACTIVE_ARCH = YES;
				SDKROOT = macosx;
				SWIFT_ACTIVE_COMPILATION_CONDITIONS = "DEBUG $(inherited)";
				SWIFT_OPTIMIZATION_LEVEL = "-Onone";
			};
			name = Debug;
		};
		007A94762F52A18200730E7F /* Release */ = {
			isa = XCBuildConfiguration;
			buildSettings = {
				ALWAYS_SEARCH_USER_PATHS = NO;
				ASSETCATALOG_COMPILER_APPICON_NAME = "";
				ASSETCATALOG_COMPILER_GENERATE_SWIFT_ASSET_SYMBOL_EXTENSIONS = YES;
				ASSETCATALOG_COMPILER_INCLUDE_ALL_APPICON_ASSETS = YES;
				ASSETCATALOG_COMPILER_STANDALONE_ICON_BEHAVIOR = all;
				ASSETCATALOG_COMPILER_TARGET_STICKERS_ICON_ROLE = "host-app";
				CLANG_ANALYZER_NONNULL = YES;
				CLANG_ANALYZER_NUMBER_OBJECT_CONVERSION = YES_AGGRESSIVE;
				CLANG_CXX_LANGUAGE_STANDARD = "gnu++20";
				CLANG_ENABLE_MODULES = YES;
				CLANG_ENABLE_OBJC_ARC = YES;
				CLANG_ENABLE_OBJC_WEAK = YES;
				CLANG_WARN_BLOCK_CAPTURE_AUTORELEASING = YES;
				CLANG_WARN_BOOL_CONVERSION = YES;
				CLANG_WARN_COMMA = YES;
				CLANG_WARN_CONSTANT_CONVERSION = YES;
				CLANG_WARN_DEPRECATED_OBJC_IMPLEMENTATIONS = YES;
				CLANG_WARN_DIRECT_OBJC_ISA_USAGE = YES_ERROR;
				CLANG_WARN_DOCUMENTATION_COMMENTS = YES;
				CLANG_WARN_EMPTY_BODY = YES;
				CLANG_WARN_ENUM_CONVERSION = YES;
				CLANG_WARN_INFINITE_RECURSION = YES;
				CLANG_WARN_INT_CONVERSION = YES;
				CLANG_WARN_NON_LITERAL_NULL_CONVERSION = YES;
				CLANG_WARN_OBJC_IMPLICIT_RETAIN_SELF = YES;
				CLANG_WARN_OBJC_LITERAL_CONVERSION = YES;
				CLANG_WARN_OBJC_ROOT_CLASS = YES_ERROR;
				CLANG_WARN_QUOTED_INCLUDE_IN_FRAMEWORK_HEADER = YES;
				CLANG_WARN_RANGE_LOOP_ANALYSIS = YES;
				CLANG_WARN_STRICT_PROTOTYPES = YES;
				CLANG_WARN_SUSPICIOUS_MOVE = YES;
				CLANG_WARN_UNGUARDED_AVAILABILITY = YES_AGGRESSIVE;
				CLANG_WARN_UNREACHABLE_CODE = YES;
				CLANG_WARN__DUPLICATE_METHOD_MATCH = YES;
				COPY_PHASE_STRIP = NO;
				DEBUG_INFORMATION_FORMAT = "dwarf-with-dsym";
				DEVELOPMENT_TEAM = 6XKLFA63LP;
				ENABLE_NS_ASSERTIONS = NO;
				ENABLE_STRICT_OBJC_MSGSEND = YES;
				ENABLE_USER_SCRIPT_SANDBOXING = YES;
				GCC_C_LANGUAGE_STANDARD = gnu17;
				GCC_NO_COMMON_BLOCKS = YES;
				GCC_WARN_64_TO_32_BIT_CONVERSION = YES;
				GCC_WARN_ABOUT_RETURN_TYPE = YES_ERROR;
				GCC_WARN_UNDECLARED_SELECTOR = YES;
				GCC_WARN_UNINITIALIZED_AUTOS = YES_AGGRESSIVE;
				GCC_WARN_UNUSED_FUNCTION = YES;
				GCC_WARN_UNUSED_VARIABLE = YES;
				LOCALIZATION_PREFERS_STRING_CATALOGS = YES;
				MACOSX_DEPLOYMENT_TARGET = 26.2;
				MTL_ENABLE_DEBUG_INFO = NO;
				MTL_FAST_MATH = YES;
				SDKROOT = macosx;
				SWIFT_COMPILATION_MODE = wholemodule;
			};
			name = Release;
		};
		007A94782F52A18200730E7F /* Debug */ = {
			isa = XCBuildConfiguration;
			buildSettings = {
				ASSETCATALOG_COMPILER_APPICON_NAME = AppIcon;
				ASSETCATALOG_COMPILER_GLOBAL_ACCENT_COLOR_NAME = AccentColor;
				ASSETCATALOG_COMPILER_INCLUDE_ALL_APPICON_ASSETS = YES;
				AUTOMATION_APPLE_EVENTS = NO;
				CODE_SIGN_ENTITLEMENTS = ReSwifter/ReSwifter.entitlements;
				CODE_SIGN_STYLE = Automatic;
				COMBINE_HIDPI_IMAGES = YES;
				CURRENT_PROJECT_VERSION = 1;
				DEVELOPMENT_TEAM = 6XKLFA63LP;
				ENABLE_APP_SANDBOX = YES;
				ENABLE_HARDENED_RUNTIME = YES;
				ENABLE_INCOMING_NETWORK_CONNECTIONS = YES;
				ENABLE_OUTGOING_NETWORK_CONNECTIONS = YES;
				ENABLE_PREVIEWS = YES;
				ENABLE_RESOURCE_ACCESS_AUDIO_INPUT = NO;
				ENABLE_RESOURCE_ACCESS_BLUETOOTH = NO;
				ENABLE_RESOURCE_ACCESS_CALENDARS = NO;
				ENABLE_RESOURCE_ACCESS_CAMERA = NO;
				ENABLE_RESOURCE_ACCESS_CONTACTS = NO;
				ENABLE_RESOURCE_ACCESS_LOCATION = NO;
				ENABLE_RESOURCE_ACCESS_PHOTO_LIBRARY = NO;
				ENABLE_RESOURCE_ACCESS_PRINTING = NO;
				ENABLE_RESOURCE_ACCESS_USB = NO;
				ENABLE_USER_SELECTED_FILES = readonly;
				GENERATE_INFOPLIST_FILE = YES;
				INFOPLIST_KEY_CFBundleDisplayName = "";
				INFOPLIST_KEY_LSApplicationCategoryType = "public.app-category.developer-tools";
				INFOPLIST_KEY_NSHumanReadableCopyright = "";
				LD_RUNPATH_SEARCH_PATHS = (
					"$(inherited)",
					"@executable_path/../Frameworks",
				);
				MARKETING_VERSION = 26.03;
				PRODUCT_BUNDLE_IDENTIFIER = com.JeffreyBakker.ReSwifter;
				PRODUCT_NAME = "$(TARGET_NAME)";
				REGISTER_APP_GROUPS = YES;
				RUNTIME_EXCEPTION_ALLOW_DYLD_ENVIRONMENT_VARIABLES = NO;
				RUNTIME_EXCEPTION_ALLOW_JIT = NO;
				RUNTIME_EXCEPTION_ALLOW_UNSIGNED_EXECUTABLE_MEMORY = NO;
				RUNTIME_EXCEPTION_DEBUGGING_TOOL = NO;
				RUNTIME_EXCEPTION_DISABLE_EXECUTABLE_PAGE_PROTECTION = NO;
				RUNTIME_EXCEPTION_DISABLE_LIBRARY_VALIDATION = NO;
				STRING_CATALOG_GENERATE_SYMBOLS = YES;
				SWIFT_APPROACHABLE_CONCURRENCY = YES;
				SWIFT_DEFAULT_ACTOR_ISOLATION = MainActor;
				SWIFT_EMIT_LOC_STRINGS = YES;
				SWIFT_UPCOMING_FEATURE_MEMBER_IMPORT_VISIBILITY = YES;
				SWIFT_VERSION = 5.0;
			};
			name = Debug;
		};
		007A94792F52A18200730E7F /* Release */ = {
			isa = XCBuildConfiguration;
			buildSettings = {
				ASSETCATALOG_COMPILER_APPICON_NAME = AppIcon;
				ASSETCATALOG_COMPILER_GLOBAL_ACCENT_COLOR_NAME = AccentColor;
				ASSETCATALOG_COMPILER_INCLUDE_ALL_APPICON_ASSETS = YES;
				AUTOMATION_APPLE_EVENTS = NO;
				CODE_SIGN_ENTITLEMENTS = ReSwifter/ReSwifter.entitlements;
				CODE_SIGN_STYLE = Automatic;
				COMBINE_HIDPI_IMAGES = YES;
				CURRENT_PROJECT_VERSION = 1;
				DEVELOPMENT_TEAM = 6XKLFA63LP;
				ENABLE_APP_SANDBOX = YES;
				ENABLE_HARDENED_RUNTIME = YES;
				ENABLE_INCOMING_NETWORK_CONNECTIONS = YES;
				ENABLE_OUTGOING_NETWORK_CONNECTIONS = YES;
				ENABLE_PREVIEWS = YES;
				ENABLE_RESOURCE_ACCESS_AUDIO_INPUT = NO;
				ENABLE_RESOURCE_ACCESS_BLUETOOTH = NO;
				ENABLE_RESOURCE_ACCESS_CALENDARS = NO;
				ENABLE_RESOURCE_ACCESS_CAMERA = NO;
				ENABLE_RESOURCE_ACCESS_CONTACTS = NO;
				ENABLE_RESOURCE_ACCESS_LOCATION = NO;
				ENABLE_RESOURCE_ACCESS_PHOTO_LIBRARY = NO;
				ENABLE_RESOURCE_ACCESS_PRINTING = NO;
				ENABLE_RESOURCE_ACCESS_USB = NO;
				ENABLE_USER_SELECTED_FILES = readonly;
				GENERATE_INFOPLIST_FILE = YES;
				INFOPLIST_KEY_CFBundleDisplayName = "";
				INFOPLIST_KEY_LSApplicationCategoryType = "public.app-category.developer-tools";
				INFOPLIST_KEY_NSHumanReadableCopyright = "";
				LD_RUNPATH_SEARCH_PATHS = (
					"$(inherited)",
					"@executable_path/../Frameworks",
				);
				MARKETING_VERSION = 26.03;
				PRODUCT_BUNDLE_IDENTIFIER = com.JeffreyBakker.ReSwifter;
				PRODUCT_NAME = "$(TARGET_NAME)";
				REGISTER_APP_GROUPS = YES;
				RUNTIME_EXCEPTION_ALLOW_DYLD_ENVIRONMENT_VARIABLES = NO;
				RUNTIME_EXCEPTION_ALLOW_JIT = NO;
				RUNTIME_EXCEPTION_ALLOW_UNSIGNED_EXECUTABLE_MEMORY = NO;
				RUNTIME_EXCEPTION_DEBUGGING_TOOL = NO;
				RUNTIME_EXCEPTION_DISABLE_EXECUTABLE_PAGE_PROTECTION = NO;
				RUNTIME_EXCEPTION_DISABLE_LIBRARY_VALIDATION = NO;
				STRING_CATALOG_GENERATE_SYMBOLS = YES;
				SWIFT_APPROACHABLE_CONCURRENCY = YES;
				SWIFT_DEFAULT_ACTOR_ISOLATION = MainActor;
				SWIFT_EMIT_LOC_STRINGS = YES;
				SWIFT_UPCOMING_FEATURE_MEMBER_IMPORT_VISIBILITY = YES;
				SWIFT_VERSION = 5.0;
			};
			name = Release;
		};
		007A947B2F52A18200730E7F /* Debug */ = {
			isa = XCBuildConfiguration;
			buildSettings = {
				CODE_SIGN_STYLE = Automatic;
				CURRENT_PROJECT_VERSION = 1;
				DEVELOPMENT_TEAM = 6XKLFA63LP;
				GENERATE_INFOPLIST_FILE = YES;
				LD_RUNPATH_SEARCH_PATHS = (
					"$(inherited)",
					"@executable_path/../Frameworks",
					"@loader_path/../Frameworks",
				);
				MACOSX_DEPLOYMENT_TARGET = 26.2;
				MARKETING_VERSION = 1.0;
				PRODUCT_BUNDLE_IDENTIFIER = com.JeffreyBakker.ReSwifterTests;
				PRODUCT_NAME = "$(TARGET_NAME)";
				STRING_CATALOG_GENERATE_SYMBOLS = NO;
				SWIFT_APPROACHABLE_CONCURRENCY = YES;
				SWIFT_EMIT_LOC_STRINGS = NO;
				SWIFT_UPCOMING_FEATURE_MEMBER_IMPORT_VISIBILITY = YES;
				SWIFT_VERSION = 5.0;
			};
			name = Debug;
		};
		007A947C2F52A18200730E7F /* Release */ = {
			isa = XCBuildConfiguration;
			buildSettings = {
				CODE_SIGN_STYLE = Automatic;
				CURRENT_PROJECT_VERSION = 1;
				DEVELOPMENT_TEAM = 6XKLFA63LP;
				GENERATE_INFOPLIST_FILE = YES;
				LD_RUNPATH_SEARCH_PATHS = (
					"$(inherited)",
					"@executable_path/../Frameworks",
					"@loader_path/../Frameworks",
				);
				MACOSX_DEPLOYMENT_TARGET = 26.2;
				MARKETING_VERSION = 1.0;
				PRODUCT_BUNDLE_IDENTIFIER = com.JeffreyBakker.ReSwifterTests;
				PRODUCT_NAME = "$(TARGET_NAME)";
				STRING_CATALOG_GENERATE_SYMBOLS = NO;
				SWIFT_APPROACHABLE_CONCURRENCY = YES;
				SWIFT_EMIT_LOC_STRINGS = NO;
				SWIFT_UPCOMING_FEATURE_MEMBER_IMPORT_VISIBILITY = YES;
				SWIFT_VERSION = 5.0;
			};
			name = Release;
		};
		007A947E2F52A18200730E7F /* Debug */ = {
			isa = XCBuildConfiguration;
			buildSettings = {
				CODE_SIGN_STYLE = Automatic;
				CURRENT_PROJECT_VERSION = 1;
				DEVELOPMENT_TEAM = 6XKLFA63LP;
				GENERATE_INFOPLIST_FILE = YES;
				MARKETING_VERSION = 1.0;
				PRODUCT_BUNDLE_IDENTIFIER = com.JeffreyBakker.ReSwifterUITests;
				PRODUCT_NAME = "$(TARGET_NAME)";
				STRING_CATALOG_GENERATE_SYMBOLS = NO;
				SWIFT_APPROACHABLE_CONCURRENCY = YES;
				SWIFT_EMIT_LOC_STRINGS = NO;
				SWIFT_UPCOMING_FEATURE_MEMBER_IMPORT_VISIBILITY = YES;
				SWIFT_VERSION = 5.0;
				TEST_TARGET_NAME = ReSwifter;
			};
			name = Debug;
		};
		007A947F2F52A18200730E7F /* Release */ = {
			isa = XCBuildConfiguration;
			buildSettings = {
				CODE_SIGN_STYLE = Automatic;
				CURRENT_PROJECT_VERSION = 1;
				DEVELOPMENT_TEAM = 6XKLFA63LP;
				GENERATE_INFOPLIST_FILE = YES;
				MARKETING_VERSION = 1.0;
				PRODUCT_BUNDLE_IDENTIFIER = com.JeffreyBakker.ReSwifterUITests;
				PRODUCT_NAME = "$(TARGET_NAME)";
				STRING_CATALOG_GENERATE_SYMBOLS = NO;
				SWIFT_APPROACHABLE_CONCURRENCY = YES;
				SWIFT_EMIT_LOC_STRINGS = NO;
				SWIFT_UPCOMING_FEATURE_MEMBER_IMPORT_VISIBILITY = YES;
				SWIFT_VERSION = 5.0;
				TEST_TARGET_NAME = ReSwifter;
			};
			name = Release;
		};
		007A94952F52A2ED00730E7F /* Debug */ = {
			isa = XCBuildConfiguration;
			buildSettings = {
				AUTOMATION_APPLE_EVENTS = NO;
				CODE_SIGN_ENTITLEMENTS = ReSwifterXCode/ReSwifterXCode.entitlements;
				CODE_SIGN_STYLE = Automatic;
				COMBINE_HIDPI_IMAGES = YES;
				CURRENT_PROJECT_VERSION = 1;
				DEVELOPMENT_TEAM = 6XKLFA63LP;
				ENABLE_APP_SANDBOX = YES;
				ENABLE_HARDENED_RUNTIME = YES;
				ENABLE_INCOMING_NETWORK_CONNECTIONS = YES;
				ENABLE_OUTGOING_NETWORK_CONNECTIONS = YES;
				ENABLE_RESOURCE_ACCESS_AUDIO_INPUT = NO;
				ENABLE_RESOURCE_ACCESS_BLUETOOTH = NO;
				ENABLE_RESOURCE_ACCESS_CALENDARS = NO;
				ENABLE_RESOURCE_ACCESS_CAMERA = NO;
				ENABLE_RESOURCE_ACCESS_CONTACTS = NO;
				ENABLE_RESOURCE_ACCESS_LOCATION = NO;
				ENABLE_RESOURCE_ACCESS_PHOTO_LIBRARY = NO;
				ENABLE_RESOURCE_ACCESS_PRINTING = NO;
				ENABLE_RESOURCE_ACCESS_USB = NO;
				GENERATE_INFOPLIST_FILE = YES;
				INFOPLIST_FILE = ReSwifterXCode/Info.plist;
				INFOPLIST_KEY_CFBundleDisplayName = ReSwifter;
				INFOPLIST_KEY_NSHumanReadableCopyright = "(C) 2026 Jeffrey Bakker";
				LD_RUNPATH_SEARCH_PATHS = (
					"$(inherited)",
					"@executable_path/../Frameworks",
					"@executable_path/../../../../Frameworks",
				);
				MARKETING_VERSION = 26.03;
				PRODUCT_BUNDLE_IDENTIFIER = com.JeffreyBakker.ReSwifter.ReSwifterXCode;
				PRODUCT_NAME = "$(TARGET_NAME)";
				RUNTIME_EXCEPTION_ALLOW_DYLD_ENVIRONMENT_VARIABLES = NO;
				RUNTIME_EXCEPTION_ALLOW_JIT = NO;
				RUNTIME_EXCEPTION_ALLOW_UNSIGNED_EXECUTABLE_MEMORY = NO;
				RUNTIME_EXCEPTION_DEBUGGING_TOOL = NO;
				RUNTIME_EXCEPTION_DISABLE_EXECUTABLE_PAGE_PROTECTION = NO;
				RUNTIME_EXCEPTION_DISABLE_LIBRARY_VALIDATION = NO;
				SKIP_INSTALL = YES;
				STRING_CATALOG_GENERATE_SYMBOLS = YES;
				SWIFT_APPROACHABLE_CONCURRENCY = YES;
				SWIFT_EMIT_LOC_STRINGS = YES;
				SWIFT_UPCOMING_FEATURE_MEMBER_IMPORT_VISIBILITY = YES;
				SWIFT_VERSION = 5.0;
			};
			name = Debug;
		};
		007A94962F52A2ED00730E7F /* Release */ = {
			isa = XCBuildConfiguration;
			buildSettings = {
				AUTOMATION_APPLE_EVENTS = NO;
				CODE_SIGN_ENTITLEMENTS = ReSwifterXCode/ReSwifterXCode.entitlements;
				CODE_SIGN_STYLE = Automatic;
				COMBINE_HIDPI_IMAGES = YES;
				CURRENT_PROJECT_VERSION = 1;
				DEVELOPMENT_TEAM = 6XKLFA63LP;
				ENABLE_APP_SANDBOX = YES;
				ENABLE_HARDENED_RUNTIME = YES;
				ENABLE_INCOMING_NETWORK_CONNECTIONS = YES;
				ENABLE_OUTGOING_NETWORK_CONNECTIONS = YES;
				ENABLE_RESOURCE_ACCESS_AUDIO_INPUT = NO;
				ENABLE_RESOURCE_ACCESS_BLUETOOTH = NO;
				ENABLE_RESOURCE_ACCESS_CALENDARS = NO;
				ENABLE_RESOURCE_ACCESS_CAMERA = NO;
				ENABLE_RESOURCE_ACCESS_CONTACTS = NO;
				ENABLE_RESOURCE_ACCESS_LOCATION = NO;
				ENABLE_RESOURCE_ACCESS_PHOTO_LIBRARY = NO;
				ENABLE_RESOURCE_ACCESS_PRINTING = NO;
				ENABLE_RESOURCE_ACCESS_USB = NO;
				GENERATE_INFOPLIST_FILE = YES;
				INFOPLIST_FILE = ReSwifterXCode/Info.plist;
				INFOPLIST_KEY_CFBundleDisplayName = ReSwifter;
				INFOPLIST_KEY_NSHumanReadableCopyright = "(C) 2026 Jeffrey Bakker";
				LD_RUNPATH_SEARCH_PATHS = (
					"$(inherited)",
					"@executable_path/../Frameworks",
					"@executable_path/../../../../Frameworks",
				);
				MARKETING_VERSION = 26.03;
				PRODUCT_BUNDLE_IDENTIFIER = com.JeffreyBakker.ReSwifter.ReSwifterXCode;
				PRODUCT_NAME = "$(TARGET_NAME)";
				RUNTIME_EXCEPTION_ALLOW_DYLD_ENVIRONMENT_VARIABLES = NO;
				RUNTIME_EXCEPTION_ALLOW_JIT = NO;
				RUNTIME_EXCEPTION_ALLOW_UNSIGNED_EXECUTABLE_MEMORY = NO;
				RUNTIME_EXCEPTION_DEBUGGING_TOOL = NO;
				RUNTIME_EXCEPTION_DISABLE_EXECUTABLE_PAGE_PROTECTION = NO;
				RUNTIME_EXCEPTION_DISABLE_LIBRARY_VALIDATION = NO;
				SKIP_INSTALL = YES;
				STRING_CATALOG_GENERATE_SYMBOLS = YES;
				SWIFT_APPROACHABLE_CONCURRENCY = YES;
				SWIFT_EMIT_LOC_STRINGS = YES;
				SWIFT_UPCOMING_FEATURE_MEMBER_IMPORT_VISIBILITY = YES;
				SWIFT_VERSION = 5.0;
			};
			name = Release;
		};
/* End XCBuildConfiguration section */

/* Begin XCConfigurationList section */
		00312DDF2F66400F0099824D /* Build configuration list for PBXNativeTarget "WebCpp" */ = {
			isa = XCConfigurationList;
			buildConfigurations = (
				00312DE02F66400F0099824D /* Debug */,
				00312DE12F66400F0099824D /* Release */,
			);
			defaultConfigurationIsVisible = 0;
			defaultConfigurationName = Release;
		};
		007A944F2F52A18000730E7F /* Build configuration list for PBXProject "ReSwifter" */ = {
			isa = XCConfigurationList;
			buildConfigurations = (
				007A94752F52A18200730E7F /* Debug */,
				007A94762F52A18200730E7F /* Release */,
			);
			defaultConfigurationIsVisible = 0;
			defaultConfigurationName = Release;
		};
		007A94772F52A18200730E7F /* Build configuration list for PBXNativeTarget "ReSwifter" */ = {
			isa = XCConfigurationList;
			buildConfigurations = (
				007A94782F52A18200730E7F /* Debug */,
				007A94792F52A18200730E7F /* Release */,
			);
			defaultConfigurationIsVisible = 0;
			defaultConfigurationName = Release;
		};
		007A947A2F52A18200730E7F /* Build configuration list for PBXNativeTarget "ReSwifterTests" */ = {
			isa = XCConfigurationList;
			buildConfigurations = (
				007A947B2F52A18200730E7F /* Debug */,
				007A947C2F52A18200730E7F /* Release */,
			);
			defaultConfigurationIsVisible = 0;
			defaultConfigurationName = Release;
		};
		007A947D2F52A18200730E7F /* Build configuration list for PBXNativeTarget "ReSwifterUITests" */ = {
			isa = XCConfigurationList;
			buildConfigurations = (
				007A947E2F52A18200730E7F /* Debug */,
				007A947F2F52A18200730E7F /* Release */,
			);
			defaultConfigurationIsVisible = 0;
			defaultConfigurationName = Release;
		};
		007A94942F52A2ED00730E7F /* Build configuration list for PBXNativeTarget "ReSwifterXCode" */ = {
			isa = XCConfigurationList;
			buildConfigurations = (
				007A94952F52A2ED00730E7F /* Debug */,
				007A94962F52A2ED00730E7F /* Release */,
			);
			defaultConfigurationIsVisible = 0;
			defaultConfigurationName = Release;
		};
/* End XCConfigurationList section */

/* Begin XCRemoteSwiftPackageReference section */
		00DE443C2F6C89B000188043 /* XCRemoteSwiftPackageReference "textual" */ = {
			isa = XCRemoteSwiftPackageReference;
			repositoryURL = "https://github.com/gonzalezreal/textual";
			requirement = {
				kind = upToNextMajorVersion;
				minimumVersion = 0.3.1;
			};
		};
/* End XCRemoteSwiftPackageReference section */

/* Begin XCSwiftPackageProductDependency section */
		00DE443D2F6C89B000188043 /* Textual */ = {
			isa = XCSwiftPackageProductDependency;
			package = 00DE443C2F6C89B000188043 /* XCRemoteSwiftPackageReference "textual" */;
			productName = Textual;
		};
/* End XCSwiftPackageProductDependency section */
	};
	rootObject = 007A944C2F52A18000730E7F /* Project object */;
}
